dependencies:
  idf:
    component_hash: null
    source:
      type: idf
    version: 5.2.1
  nimble_peripheral_utils:
    component_hash: null
    source:
      path: C:\Espressif\frameworks\esp-idf-v5.2.1\examples\bluetooth\nimble\common\nimble_peripheral_utils
      type: local
    version: '*'
manifest_hash: e7712fa91b646eed8115a74327b3916bfac324e6f9cd15e45208ef9d6bac89d0
target: esp32
version: 1.0.0
